{
  "nodes": {
    "aquaris": {
      "inputs": {
        "flake-utils": "flake-utils",
        "home-manager": [
          "home-manager"
        ],
        "nixpkgs": [
          "nixpkgs"
        ],
        "obscura": [
          "obscura"
        ]
      },
      "locked": {
        "lastModified": 1780750085,
        "narHash": "sha256-gg9fhgCOkNNFfzIna1ylGRYTHXuKJb47J/GS5f6/4m0=",
        "owner": "42loco42",
        "repo": "aquaris",
        "rev": "660f41ace57dd529493ae756d0884daab0fdc8bb",
        "type": "github"
      },
      "original": {
        "owner": "42loco42",
        "repo": "aquaris",
        "type": "github"
      }
    },
    "flake-utils": {
      "inputs": {
        "systems": "systems"
      },
      "locked": {
        "lastModified": 1731533236,
        "narHash": "sha256-l0KFg5HjrsfsO/JpG+r7fRrqm12kzFHyUHqHCVpMMbI=",
        "owner": "numtide",
        "repo": "flake-utils",
        "rev": "11707dc2f618dd54ca8739b309ec4fc024de578b",
        "type": "github"
      },
      "original": {
        "owner": "numtide",
        "repo": "flake-utils",
        "type": "github"
      }
    },
    "home-manager": {
      "inputs": {
        "nixpkgs": [
          "nixpkgs"
        ]
      },
      "locked": {
        "lastModified": 1780679734,
        "narHash": "sha256-KmRNvpNOb7QEORa06bVgjW9kITcx0VhsI7w0vhmZyD8=",
        "owner": "nix-community",
        "repo": "home-manager",
        "rev": "b2b7db486e06e098711dc291bb25db82850e1d16",
        "type": "github"
      },
      "original": {
        "owner": "nix-community",
        "repo": "home-manager",
        "type": "github"
      }
    },
    "nixpkgs": {
      "locked": {
        "lastModified": 1780243769,
        "narHash": "sha256-x5UQuRsH3MqI0U9afaXSNqzTPSeZlRLvFAav2Ux1pNw=",
        "owner": "nixos",
        "repo": "nixpkgs",
        "rev": "331800de5053fcebacf6813adb5db9c9dca22a0c",
        "type": "github"
      },
      "original": {
        "owner": "nixos",
        "ref": "nixos-unstable",
        "repo": "nixpkgs",
        "type": "github"
      }
    },
    "nixpkgs_2": {
      "locked": {
        "lastModified": 1784453100,
        "narHash": "sha256-zpGZb8FYui+i8KLtC0nlcmb0voR2zB80Qn8pe7lzIbk=",
        "owner": "nixos",
        "repo": "nixpkgs",
        "rev": "b471514bed69eff5255c8e63c1f80e5fe56c616f",
        "type": "github"
      },
      "original": {
        "owner": "nixos",
        "ref": "nixpkgs-unstable",
        "repo": "nixpkgs",
        "type": "github"
      }
    },
    "obscura": {
      "inputs": {
        "nixpkgs": "nixpkgs_2"
      },
      "locked": {
        "lastModified": 1784517785,
        "narHash": "sha256-ccNdVwLdXeCvzt6y8O/+YXCtdoy+C68eycK5RhSR06g=",
        "owner": "42loco42",
        "repo": "obscura",
        "rev": "f30386d90c3ad238c8e6f2a4709cd95dcff359c3",
        "type": "github"
      },
      "original": {
        "owner": "42loco42",
        "repo": "obscura",
        "type": "github"
      }
    },
    "root": {
      "inputs": {
        "aquaris": "aquaris",
        "home-manager": "home-manager",
        "nixpkgs": "nixpkgs",
        "obscura": "obscura"
      }
    },
    "systems": {
      "locked": {
        "lastModified": 1681028828,
        "narHash": "sha256-Vy1rq5AaRuLzOxct8nz4T6wlgyUR7zLU309k9mBC768=",
        "owner": "nix-systems",
        "repo": "default",
        "rev": "da67096a3b9bf56a91d16901293e51ba5b49a27e",
        "type": "github"
      },
      "original": {
        "owner": "nix-systems",
        "repo": "default",
        "type": "github"
      }
    }
  },
  "root": "root",
  "version": 7
}
